
Microsoft Visual Studio Solution File, Format Version 12.00
# Visual Studio Version 16
VisualStudioVersion = 16.0.32126.315
MinimumVisualStudioVersion = 10.0.40219.1
Project("{FAE04EC0-301F-11D3-BF4B-00C04F79EFBC}") = "wave", "wave\wave.csproj", "{1B36A0EB-16D4-4DCD-AD0E-10D20B73076B}"
EndProject
Global
	GlobalSection(SolutionConfigurationPlatforms) = preSolution
		Debug|Any CPU = Debug|Any CPU
		Release|Any CPU = Release|Any CPU
	EndGlobalSection
	GlobalSection(ProjectConfigurationPlatforms) = postSolution
		{1B36A0EB-16D4-4DCD-AD0E-10D20B73076B}.Debug|Any CPU.ActiveCfg = Debug|Any CPU
		{1B36A0EB-16D4-4DCD-AD0E-10D20B73076B}.Debug|Any CPU.Build.0 = Debug|Any CPU
		{1B36A0EB-16D4-4DCD-AD0E-10D20B73076B}.Release|Any CPU.ActiveCfg = Release|Any CPU
		{1B36A0EB-16D4-4DCD-AD0E-10D20B73076B}.Release|Any CPU.Build.0 = Release|Any CPU
	EndGlobalSection
	GlobalSection(SolutionProperties) = preSolution
		HideSolutionNode = FALSE
	EndGlobalSection
	GlobalSection(ExtensibilityGlobals) = postSolution
		SolutionGuid = {5E655EAA-E78D-45A8-B6FA-05EAFE2AAA82}
	EndGlobalSection
EndGlobal
